// !$*UTF8*$!
{
	archiveVersion = 1;
	classes = {
	};
	objectVersion = 50;
	objects = {

/* Begin PBXBuildFile section */
		94B5A5BB2113B77E00FD317F /* AppDelegate.swift in Sources */ = {isa = PBXBuildFile; fileRef = 94B5A5BA2113B77E00FD317F /* AppDelegate.swift */; };
		94B5A5BD2113B77E00FD317F /* ViewController.swift in Sources */ = {isa = PBXBuildFile; fileRef = 94B5A5BC2113B77E00FD317F /* ViewController.swift */; };
		94B5A5C02113B77E00FD317F /* Main.storyboard in Resources */ = {isa = PBXBuildFile; fileRef = 94B5A5BE2113B77E00FD317F /* Main.storyboard */; };
		94B5A5C22113B77F00FD317F /* Assets.xcassets in Resources */ = {isa = PBXBuildFile; fileRef = 94B5A5C12113B77F00FD317F /* Assets.xcassets */; };
		94B5A5C52113B77F00FD317F /* LaunchScreen.storyboard in Resources */ = {isa = PBXBuildFile; fileRef = 94B5A5C32113B77F00FD317F /* LaunchScreen.storyboard */; };
		94B5A5CF2113C31500FD317F /* ViewController2.swift in Sources */ = {isa = PBXBuildFile; fileRef = 94B5A5CE2113C31500FD317F /* ViewController2.swift */; };
/* End PBXBuildFile section */

/* Begin PBXFileReference section */
		94B5A5B72113B77E00FD317F /* DiceeV2.app */ = {isa = PBXFileReference; explicitFileType = wrapper.application; includeInIndex = 0; path = DiceeV2.app; sourceTree = BUILT_PRODUCTS_DIR; };
		94B5A5BA2113B77E00FD317F /* AppDelegate.swift */ = {isa = PBXFileReference; lastKnownFileType = sourcecode.swift; path = AppDelegate.swift; sourceTree = "<group>"; };
		94B5A5BC2113B77E00FD317F /* ViewController.swift */ = {isa = PBXFileReference; lastKnownFileType = sourcecode.swift; path = ViewController.swift; sourceTree = "<group>"; };
		94B5A5BF2113B77E00FD317F /* Base */ = {isa = PBXFileReference; lastKnownFileType = file.storyboard; name = Base; path = Base.lproj/Main.storyboard; sourceTree = "<group>"; };
		94B5A5C12113B77F00FD317F /* Assets.xcassets */ = {isa = PBXFileReference; lastKnownFileType = folder.assetcatalog; path = Assets.xcassets; sourceTree = "<group>"; };
		94B5A5C42113B77F00FD317F /* Base */ = {isa = PBXFileReference; lastKnownFileType = file.storyboard; name = Base; path = Base.lproj/LaunchScreen.storyboard; sourceTree = "<group>"; };
		94B5A5C62113B77F00FD317F /* Info.plist */ = {isa = PBXFileReference; lastKnownFileType = text.plist.xml; path = Info.plist; sourceTree = "<group>"; };
		94B5A5CE2113C31500FD317F /* ViewController2.swift */ = {isa = PBXFileReference; lastKnownFileType = sourcecode.swift; path = ViewController2.swift; sourceTree = "<group>"; };
/* End PBXFileReference section */

/* Begin PBXFrameworksBuildPhase section */
		94B5A5B42113B77E00FD317F /* Frameworks */ = {
			isa = PBXFrameworksBuildPhase;
			buildActionMask = 2147483647;
			files = (
			);
			runOnlyForDeploymentPostprocessing = 0;
		};
/* End PBXFrameworksBuildPhase section */

/* Begin PBXGroup section */
		94B5A5AE2113B77D00FD317F = {
			isa = PBXGroup;
			children = (
				94B5A5B92113B77E00FD317F /* DiceeV2 */,
				94B5A5B82113B77E00FD317F /* Products */,
			);
			sourceTree = "<group>";
		};
		94B5A5B82113B77E00FD317F /* Products */ = {
			isa = PBXGroup;
			children = (
				94B5A5B72113B77E00FD317F /* DiceeV2.app */,
			);
			name = Products;
			sourceTree = "<group>";
		};
		94B5A5B92113B77E00FD317F /* DiceeV2 */ = {
			isa = PBXGroup;
			children = (
				94B5A5BA2113B77E00FD317F /* AppDelegate.swift */,
				94B5A5BC2113B77E00FD317F /* ViewController.swift */,
				94B5A5BE2113B77E00FD317F /* Main.storyboard */,
				94B5A5C12113B77F00FD317F /* Assets.xcassets */,
				94B5A5C32113B77F00FD317F /* LaunchScreen.storyboard */,
				94B5A5C62113B77F00FD317F /* Info.plist */,
				94B5A5CE2113C31500FD317F /* ViewController2.swift */,
			);
			path = DiceeV2;
			sourceTree = "<group>";
		};
/* End PBXGroup section */

/* Begin PBXNativeTarget section */
		94B5A5B62113B77E00FD317F /* DiceeV2 */ = {
			isa = PBXNativeTarget;
			buildConfigurationList = 94B5A5C92113B77F00FD317F /* Build configuration list for PBXNativeTarget "DiceeV2" */;
			buildPhases = (
				94B5A5B32113B77E00FD317F /* Sources */,
				94B5A5B42113B77E00FD317F /* Frameworks */,
				94B5A5B52113B77E00FD317F /* Resources */,
			);
			buildRules = (
			);
			dependencies = (
			);
			name = DiceeV2;
			productName = DiceeV2;
			productReference = 94B5A5B72113B77E00FD317F /* DiceeV2.app */;
			productType = "com.apple.product-type.application";
		};
/* End PBXNativeTarget section */

/* Begin PBXProject section */
		94B5A5AF2113B77D00FD317F /* Project object */ = {
			isa = PBXProject;
			attributes = {
				LastSwiftUpdateCheck = 0940;
				LastUpgradeCheck = 0940;
				ORGANIZATIONNAME = "Austin Gae";
				TargetAttributes = {
					94B5A5B62113B77E00FD317F = {
						CreatedOnToolsVersion = 9.4.1;
					};
				};
			};
			buildConfigurationList = 94B5A5B22113B77D00FD317F /* Build configuration list for PBXProject "DiceeV2" */;
			compatibilityVersion = "Xcode 9.3";
			developmentRegion = en;
			hasScannedForEncodings = 0;
			knownRegions = (
				en,
				Base,
			);
			mainGroup = 94B5A5AE2113B77D00FD317F;
			productRefGroup = 94B5A5B82113B77E00FD317F /* Products */;
			projectDirPath = "";
			projectRoot = "";
			targets = (
				94B5A5B62113B77E00FD317F /* DiceeV2 */,
			);
		};
/* End PBXProject section */

/* Begin PBXResourcesBuildPhase section */
		94B5A5B52113B77E00FD317F /* Resources */ = {
			isa = PBXResourcesBuildPhase;
			buildActionMask = 2147483647;
			files = (
				94B5A5C52113B77F00FD317F /* LaunchScreen.storyboard in Resources */,
				94B5A5C22113B77F00FD317F /* Assets.xcassets in Resources */,
				94B5A5C02113B77E00FD317F /* Main.storyboard in Resources */,
			);
			runOnlyForDeploymentPostprocessing = 0;
		};
/* End PBXResourcesBuildPhase section */

/* Begin PBXSourcesBuildPhase section */
		94B5A5B32113B77E00FD317F /* Sources */ = {
			isa = PBXSourcesBuildPhase;
			buildActionMask = 2147483647;
			files = (
				94B5A5BD2113B77E00FD317F /* ViewController.swift in Sources */,
				94B5A5CF2113C31500FD317F /* ViewController2.swift in Sources */,
				94B5A5BB2113B77E00FD317F /* AppDelegate.swift in Sources */,
			);
			runOnlyForDeploymentPostprocessing = 0;
		};
/* End PBXSourcesBuildPhase section */

/* Begin PBXVariantGroup section */
		94B5A5BE2113B77E00FD317F /* Main.storyboard */ = {
			isa = PBXVariantGroup;
			children = (
				94B5A5BF2113B77E00FD317F /* Base */,
			);
			name = Main.storyboard;
			sourceTree = "<group>";
		};
		94B5A5C32113B77F00FD317F /* LaunchScreen.storyboard */ = {
			isa = PBXVariantGroup;
			children = (
				94B5A5C42113B77F00FD317F /* Base */,
			);
			name = LaunchScreen.storyboard;
			sourceTree = "<group>";
		};
/* End PBXVariantGroup section */

/* Begin XCBuildConfiguration section */
		94B5A5C72113B77F00FD317F /* Debug */ = {
			isa = XCBuildConfiguration;
			buildSettings = {
				ALWAYS_SEARCH_USER_PATHS = NO;
				CLANG_ANALYZER_NONNULL = YES;
				CLANG_ANALYZER_NUMBER_OBJECT_CONVERSION = YES_AGGRESSIVE;
				CLANG_CXX_LANGUAGE_STANDARD = "gnu++14";
				CLANG_CXX_LIBRARY = "libc++";
				CLANG_ENABLE_MODULES = YES;
				CLANG_ENABLE_OBJC_ARC = YES;
				CLANG_ENABLE_OBJC_WEAK = YES;
				CLANG_WARN_BLOCK_CAPTURE_AUTORELEASING = YES;
				CLANG_WARN_BOOL_CONVERSION = YES;
				CLANG_WARN_COMMA = YES;
				CLANG_WARN_CONSTANT_CONVERSION = YES;
				CLANG_WARN_DEPRECATED_OBJC_IMPLEMENTATIONS = YES;
				CLANG_WARN_DIRECT_OBJC_ISA_USAGE = YES_ERROR;
				CLANG_WARN_DOCUMENTATION_COMMENTS = YES;
				CLANG_WARN_EMPTY_BODY = YES;
				CLANG_WARN_ENUM_CONVERSION = YES;
				CLANG_WARN_INFINITE_RECURSION = YES;
				CLANG_WARN_INT_CONVERSION = YES;
				CLANG_WARN_NON_LITERAL_NULL_CONVERSION = YES;
				CLANG_WARN_OBJC_IMPLICIT_RETAIN_SELF = YES;
				CLANG_WARN_OBJC_LITERAL_CONVERSION = YES;
				CLANG_WARN_OBJC_ROOT_CLASS = YES_ERROR;
				CLANG_WARN_RANGE_LOOP_ANALYSIS = YES;
				CLANG_WARN_STRICT_PROTOTYPES = YES;
				CLANG_WARN_SUSPICIOUS_MOVE = YES;
				CLANG_WARN_UNGUARDED_AVAILABILITY = YES_AGGRESSIVE;
				CLANG_WARN_UNREACHABLE_CODE = YES;
				CLANG_WARN__DUPLICATE_METHOD_MATCH = YES;
				CODE_SIGN_IDENTITY = "iPhone Developer";
				COPY_PHASE_STRIP = NO;
				DEBUG_INFORMATION_FORMAT = dwarf;
				ENABLE_STRICT_OBJC_MSGSEND = YES;
				ENABLE_TESTABILITY = YES;
				GCC_C_LANGUAGE_STANDARD = gnu11;
				GCC_DYNAMIC_NO_PIC = NO;
				GCC_NO_COMMON_BLOCKS = YES;
				GCC_OPTIMIZATION_LEVEL = 0;
				GCC_PREPROCESSOR_DEFINITIONS = (
					"DEBUG=1",
					"$(inherited)",
				);
				GCC_WARN_64_TO_32_BIT_CONVERSION = YES;
				GCC_WARN_ABOUT_RETURN_TYPE = YES_ERROR;
				GCC_WARN_UNDECLARED_SELECTOR = YES;
				GCC_WARN_UNINITIALIZED_AUTOS = YES_AGGRESSIVE;
				GCC_WARN_UNUSED_FUNCTION = YES;
				GCC_WARN_UNUSED_VARIABLE = YES;
				IPHONEOS_DEPLOYMENT_TARGET = 11.4;
				MTL_ENABLE_DEBUG_INFO = YES;
				ONLY_ACTIVE_ARCH = YES;
				SDKROOT = iphoneos;
				SWIFT_ACTIVE_COMPILATION_CONDITIONS = DEBUG;
				SWIFT_OPTIMIZATION_LEVEL = "-Onone";
			};
			name = Debug;
		};
		94B5A5C82113B77F00FD317F /* Release */ = {
			isa = XCBuildConfiguration;
			buildSettings = {
				ALWAYS_SEARCH_USER_PATHS = NO;
				CLANG_ANALYZER_NONNULL = YES;
				CLANG_ANALYZER_NUMBER_OBJECT_CONVERSION = YES_AGGRESSIVE;
				CLANG_CXX_LANGUAGE_STANDARD = "gnu++14";
				CLANG_CXX_LIBRARY = "libc++";
				CLANG_ENABLE_MODULES = YES;
				CLANG_ENABLE_OBJC_ARC = YES;
				CLANG_ENABLE_OBJC_WEAK = YES;
				CLANG_WARN_BLOCK_CAPTURE_AUTORELEASING = YES;
				CLANG_WARN_BOOL_CONVERSION = YES;
				CLANG_WARN_COMMA = YES;
				CLANG_WARN_CONSTANT_CONVERSION = YES;
				CLANG_WARN_DEPRECATED_OBJC_IMPLEMENTATIONS = YES;
				CLANG_WARN_DIRECT_OBJC_ISA_USAGE = YES_ERROR;
				CLANG_WARN_DOCUMENTATION_COMMENTS = YES;
				CLANG_WARN_EMPTY_BODY = YES;
				CLANG_WARN_ENUM_CONVERSION = YES;
				CLANG_WARN_INFINITE_RECURSION = YES;
				CLANG_WARN_INT_CONVERSION = YES;
				CLANG_WARN_NON_LITERAL_NULL_CONVERSION = YES;
				CLANG_WARN_OBJC_IMPLICIT_RETAIN_SELF = YES;
				CLANG_WARN_OBJC_LITERAL_CONVERSION = YES;
				CLANG_WARN_OBJC_ROOT_CLASS = YES_ERROR;
				CLANG_WARN_RANGE_LOOP_ANALYSIS = YES;
				CLANG_WARN_STRICT_PROTOTYPES = YES;
				CLANG_WARN_SUSPICIOUS_MOVE = YES;
				CLANG_WARN_UNGUARDED_AVAILABILITY = YES_AGGRESSIVE;
				CLANG_WARN_UNREACHABLE_CODE = YES;
				CLANG_WARN__DUPLICATE_METHOD_MATCH = YES;
				CODE_SIGN_IDENTITY = "iPhone Developer";
				COPY_PHASE_STRIP = NO;
				DEBUG_INFORMATION_FORMAT = "dwarf-with-dsym";
				ENABLE_NS_ASSERTIONS = NO;
				ENABLE_STRICT_OBJC_MSGSEND = YES;
				GCC_C_LANGUAGE_STANDARD = gnu11;
				GCC_NO_COMMON_BLOCKS = YES;
				GCC_WARN_64_TO_32_BIT_CONVERSION = YES;
				GCC_WARN_ABOUT_RETURN_TYPE = YES_ERROR;
				GCC_WARN_UNDECLARED_SELECTOR = YES;
				GCC_WARN_UNINITIALIZED_AUTOS = YES_AGGRESSIVE;
				GCC_WARN_UNUSED_FUNCTION = YES;
				GCC_WARN_UNUSED_VARIABLE = YES;
				IPHONEOS_DEPLOYMENT_TARGET = 11.4;
				MTL_ENABLE_DEBUG_INFO = NO;
				SDKROOT = iphoneos;
				SWIFT_COMPILATION_MODE = wholemodule;
				SWIFT_OPTIMIZATION_LEVEL = "-O";
				VALIDATE_PRODUCT = YES;
			};
			name = Release;
		};
		94B5A5CA2113B77F00FD317F /* Debug */ = {
			isa = XCBuildConfiguration;
			buildSettings = {
				ASSETCATALOG_COMPILER_APPICON_NAME = AppIcon;
				CODE_SIGN_STYLE = Automatic;
				DEVELOPMENT_TEAM = A83NX222R9;
				INFOPLIST_FILE = DiceeV2/Info.plist;
				LD_RUNPATH_SEARCH_PATHS = (
					"$(inherited)",
					"@executable_path/Frameworks",
				);
				PRODUCT_BUNDLE_IDENTIFIER = com.austingae.DiceeV2;
				PRODUCT_NAME = "$(TARGET_NAME)";
				SWIFT_VERSION = 4.0;
				TARGETED_DEVICE_FAMILY = 1;
			};
			name = Debug;
		};
		94B5A5CB2113B77F00FD317F /* Release */ = {
			isa = XCBuildConfiguration;
			buildSettings = {
				ASSETCATALOG_COMPILER_APPICON_NAME = AppIcon;
				CODE_SIGN_STYLE = Automatic;
				DEVELOPMENT_TEAM = A83NX222R9;
				INFOPLIST_FILE = DiceeV2/Info.plist;
				LD_RUNPATH_SEARCH_PATHS = (
					"$(inherited)",
					"@executable_path/Frameworks",
				);
				PRODUCT_BUNDLE_IDENTIFIER = com.austingae.DiceeV2;
				PRODUCT_NAME = "$(TARGET_NAME)";
				SWIFT_VERSION = 4.0;
				TARGETED_DEVICE_FAMILY = 1;
			};
			name = Release;
		};
/* End XCBuildConfiguration section */

/* Begin XCConfigurationList section */
		94B5A5B22113B77D00FD317F /* Build configuration list for PBXProject "DiceeV2" */ = {
			isa = XCConfigurationList;
			buildConfigurations = (
				94B5A5C72113B77F00FD317F /* Debug */,
				94B5A5C82113B77F00FD317F /* Release */,
			);
			defaultConfigurationIsVisible = 0;
			defaultConfigurationName = Release;
		};
		94B5A5C92113B77F00FD317F /* Build configuration list for PBXNativeTarget "DiceeV2" */ = {
			isa = XCConfigurationList;
			buildConfigurations = (
				94B5A5CA2113B77F00FD317F /* Debug */,
				94B5A5CB2113B77F00FD317F /* Release */,
			);
			defaultConfigurationIsVisible = 0;
			defaultConfigurationName = Release;
		};
/* End XCConfigurationList section */
	};
	rootObject = 94B5A5AF2113B77D00FD317F /* Project object */;
}
